
Microsoft Visual Studio Solution File, Format Version 12.00
# Visual Studio 15
VisualStudioVersion = 15.0.28307.329
MinimumVisualStudioVersion = 10.0.40219.1
Project("{8BC9CEB8-8B4A-11D0-8D11-00A0C91BC942}") = "EverQuest", "EverQuest\EverQuest.vcxproj", "{0E921EA1-C32F-4704-B299-E1AC4BBEBF1A}"
EndProject
Project("{8BC9CEB8-8B4A-11D0-8D11-00A0C91BC942}") = "MapEngine", "MapEngine\MapEngine.vcxproj", "{50487A7C-CA66-436D-895A-07B9AA5A5261}"
EndProject
Project("{8BC9CEB8-8B4A-11D0-8D11-00A0C91BC942}") = "AnimationEngine", "AnimationEngine\AnimationEngine.vcxproj", "{73EDEE38-81D8-42DC-B7D3-8C02D23EFB5E}"
EndProject
Global
	GlobalSection(SolutionConfigurationPlatforms) = preSolution
		Debug|x64 = Debug|x64
		Debug|x86 = Debug|x86
		Release|x64 = Release|x64
		Release|x86 = Release|x86
	EndGlobalSection
	GlobalSection(ProjectConfigurationPlatforms) = postSolution
		{0E921EA1-C32F-4704-B299-E1AC4BBEBF1A}.Debug|x64.ActiveCfg = Debug|x64
		{0E921EA1-C32F-4704-B299-E1AC4BBEBF1A}.Debug|x64.Build.0 = Debug|x64
		{0E921EA1-C32F-4704-B299-E1AC4BBEBF1A}.Debug|x86.ActiveCfg = Debug|Win32
		{0E921EA1-C32F-4704-B299-E1AC4BBEBF1A}.Debug|x86.Build.0 = Debug|Win32
		{0E921EA1-C32F-4704-B299-E1AC4BBEBF1A}.Release|x64.ActiveCfg = Release|x64
		{0E921EA1-C32F-4704-B299-E1AC4BBEBF1A}.Release|x64.Build.0 = Release|x64
		{0E921EA1-C32F-4704-B299-E1AC4BBEBF1A}.Release|x86.ActiveCfg = Release|Win32
		{0E921EA1-C32F-4704-B299-E1AC4BBEBF1A}.Release|x86.Build.0 = Release|Win32
		{50487A7C-CA66-436D-895A-07B9AA5A5261}.Debug|x64.ActiveCfg = Debug|x64
		{50487A7C-CA66-436D-895A-07B9AA5A5261}.Debug|x64.Build.0 = Debug|x64
		{50487A7C-CA66-436D-895A-07B9AA5A5261}.Debug|x86.ActiveCfg = Debug|Win32
		{50487A7C-CA66-436D-895A-07B9AA5A5261}.Debug|x86.Build.0 = Debug|Win32
		{50487A7C-CA66-436D-895A-07B9AA5A5261}.Release|x64.ActiveCfg = Release|x64
		{50487A7C-CA66-436D-895A-07B9AA5A5261}.Release|x64.Build.0 = Release|x64
		{50487A7C-CA66-436D-895A-07B9AA5A5261}.Release|x86.ActiveCfg = Release|Win32
		{50487A7C-CA66-436D-895A-07B9AA5A5261}.Release|x86.Build.0 = Release|Win32
		{73EDEE38-81D8-42DC-B7D3-8C02D23EFB5E}.Debug|x64.ActiveCfg = Debug|x64
		{73EDEE38-81D8-42DC-B7D3-8C02D23EFB5E}.Debug|x64.Build.0 = Debug|x64
		{73EDEE38-81D8-42DC-B7D3-8C02D23EFB5E}.Debug|x86.ActiveCfg = Debug|Win32
		{73EDEE38-81D8-42DC-B7D3-8C02D23EFB5E}.Debug|x86.Build.0 = Debug|Win32
		{73EDEE38-81D8-42DC-B7D3-8C02D23EFB5E}.Release|x64.ActiveCfg = Release|x64
		{73EDEE38-81D8-42DC-B7D3-8C02D23EFB5E}.Release|x64.Build.0 = Release|x64
		{73EDEE38-81D8-42DC-B7D3-8C02D23EFB5E}.Release|x86.ActiveCfg = Release|Win32
		{73EDEE38-81D8-42DC-B7D3-8C02D23EFB5E}.Release|x86.Build.0 = Release|Win32
	EndGlobalSection
	GlobalSection(SolutionProperties) = preSolution
		HideSolutionNode = FALSE
	EndGlobalSection
	GlobalSection(ExtensibilityGlobals) = postSolution
		SolutionGuid = {4B16979C-9028-4CCC-A291-B9ACC5A0C575}
	EndGlobalSection
EndGlobal
